github.com/gopcua/opcua v0.5.3 h1:K5QQhjK9KQxQW8doHL/Cd8oljUeXWnJJsNgP7mOGIhw=
github.com/gopcua/opcua v0.5.3/go.mod h1:nrVl4/Rs3SDQRhNQ50EbAiI5JSpDrTG6Frx3s4HLnw4=
github.com/pkg/errors v0.9.1 h1:FEBLx1zS214owpjy7qsBeixbURkuhQAwrK5UwLGTwt4=
github.com/pkg/errors v0.9.1/go.mod h1:bwawxfHBFNV+L2hUp1rHADufV3IMtnDRdf1r5NINEl0=
golang.org/x/exp v0.0.0-20230522175609-2e198f4a06a1 h1:k/i9J1pBpvlfR+9QsetwPyERsqu1GIbi967PQMq3Ivc=
golang.org/x/exp v0.0.0-20230522175609-2e198f4a06a1/go.mod h1:V1LtkGg67GoY2N1AnLN78QLrzxkLyJw7RJb1gzOOz9w=
